// !$*UTF8*$!
{
	archiveVersion = 1;
	classes = {
	};
	objectVersion = 55;
	objects = {

/* Begin PBXBuildFile section */
		65A51108287969480010CB79 /* AppDelegate.swift in Sources */ = {isa = PBXBuildFile; fileRef = 65A51107287969480010CB79 /* AppDelegate.swift */; };
		65A5110A287969480010CB79 /* SceneDelegate.swift in Sources */ = {isa = PBXBuildFile; fileRef = 65A51109287969480010CB79 /* SceneDelegate.swift */; };
		65A5110C287969480010CB79 /* ViewController.swift in Sources */ = {isa = PBXBuildFile; fileRef = 65A5110B287969480010CB79 /* ViewController.swift */; };
		65A5110F287969480010CB79 /* Main.storyboard in Resources */ = {isa = PBXBuildFile; fileRef = 65A5110D287969480010CB79 /* Main.storyboard */; };
		65A51111287969480010CB79 /* Assets.xcassets in Resources */ = {isa = PBXBuildFile; fileRef = 65A51110287969480010CB79 /* Assets.xcassets */; };
		65A51114287969480010CB79 /* LaunchScreen.storyboard in Resources */ = {isa = PBXBuildFile; fileRef = 65A51112287969480010CB79 /* LaunchScreen.storyboard */; };
		65A5111F287969490010CB79 /* RxSwiftEx_1Tests.swift in Sources */ = {isa = PBXBuildFile; fileRef = 65A5111E287969490010CB79 /* RxSwiftEx_1Tests.swift */; };
		65A51129287969490010CB79 /* RxSwiftEx_1UITests.swift in Sources */ = {isa = PBXBuildFile; fileRef = 65A51128287969490010CB79 /* RxSwiftEx_1UITests.swift */; };
		65A5112B287969490010CB79 /* RxSwiftEx_1UITestsLaunchTests.swift in Sources */ = {isa = PBXBuildFile; fileRef = 65A5112A287969490010CB79 /* RxSwiftEx_1UITestsLaunchTests.swift */; };
		6718A4E8AD8B626D617A79D0 /* Pods_RxSwiftEx_1Tests.framework in Frameworks */ = {isa = PBXBuildFile; fileRef = 745A7919DF9F538FC6C431BE /* Pods_RxSwiftEx_1Tests.framework */; };
		A875988ABF25EB6F2ADA82EC /* Pods_RxSwiftEx_1_RxSwiftEx_1UITests.framework in Frameworks */ = {isa = PBXBuildFile; fileRef = 0A599A009AE17AFB82A0BFB5 /* Pods_RxSwiftEx_1_RxSwiftEx_1UITests.framework */; };
		B7C70F95DDE8E734B7A51392 /* Pods_RxSwiftEx_1.framework in Frameworks */ = {isa = PBXBuildFile; fileRef = 19C041E442F02E327D9BEB55 /* Pods_RxSwiftEx_1.framework */; };
/* End PBXBuildFile section */

/* Begin PBXContainerItemProxy section */
		65A5111B287969490010CB79 /* PBXContainerItemProxy */ = {
			isa = PBXContainerItemProxy;
			containerPortal = 65A510FC287969480010CB79 /* Project object */;
			proxyType = 1;
			remoteGlobalIDString = 65A51103287969480010CB79;
			remoteInfo = "RxSwiftEx-1";
		};
		65A51125287969490010CB79 /* PBXContainerItemProxy */ = {
			isa = PBXContainerItemProxy;
			containerPortal = 65A510FC287969480010CB79 /* Project object */;
			proxyType = 1;
			remoteGlobalIDString = 65A51103287969480010CB79;
			remoteInfo = "RxSwiftEx-1";
		};
/* End PBXContainerItemProxy section */

/* Begin PBXFileReference section */
		0A599A009AE17AFB82A0BFB5 /* Pods_RxSwiftEx_1_RxSwiftEx_1UITests.framework */ = {isa = PBXFileReference; explicitFileType = wrapper.framework; includeInIndex = 0; path = Pods_RxSwiftEx_1_RxSwiftEx_1UITests.framework; sourceTree = BUILT_PRODUCTS_DIR; };
		19C041E442F02E327D9BEB55 /* Pods_RxSwiftEx_1.framework */ = {isa = PBXFileReference; explicitFileType = wrapper.framework; includeInIndex = 0; path = Pods_RxSwiftEx_1.framework; sourceTree = BUILT_PRODUCTS_DIR; };
		54B1134690368DA60813D902 /* Pods-RxSwiftEx-1.release.xcconfig */ = {isa = PBXFileReference; includeInIndex = 1; lastKnownFileType = text.xcconfig; name = "Pods-RxSwiftEx-1.release.xcconfig"; path = "Target Support Files/Pods-RxSwiftEx-1/Pods-RxSwiftEx-1.release.xcconfig"; sourceTree = "<group>"; };
		65A51104287969480010CB79 /* RxSwiftEx-1.app */ = {isa = PBXFileReference; explicitFileType = wrapper.application; includeInIndex = 0; path = "RxSwiftEx-1.app"; sourceTree = BUILT_PRODUCTS_DIR; };
		65A51107287969480010CB79 /* AppDelegate.swift */ = {isa = PBXFileReference; lastKnownFileType = sourcecode.swift; path = AppDelegate.swift; sourceTree = "<group>"; };
		65A51109287969480010CB79 /* SceneDelegate.swift */ = {isa = PBXFileReference; lastKnownFileType = sourcecode.swift; path = SceneDelegate.swift; sourceTree = "<group>"; };
		65A5110B287969480010CB79 /* ViewController.swift */ = {isa = PBXFileReference; lastKnownFileType = sourcecode.swift; path = ViewController.swift; sourceTree = "<group>"; };
		65A5110E287969480010CB79 /* Base */ = {isa = PBXFileReference; lastKnownFileType = file.storyboard; name = Base; path = Base.lproj/Main.storyboard; sourceTree = "<group>"; };
		65A51110287969480010CB79 /* Assets.xcassets */ = {isa = PBXFileReference; lastKnownFileType = folder.assetcatalog; path = Assets.xcassets; sourceTree = "<group>"; };
		65A51113287969480010CB79 /* Base */ = {isa = PBXFileReference; lastKnownFileType = file.storyboard; name = Base; path = Base.lproj/LaunchScreen.storyboard; sourceTree = "<group>"; };
		65A51115287969480010CB79 /* Info.plist */ = {isa = PBXFileReference; lastKnownFileType = text.plist.xml; path = Info.plist; sourceTree = "<group>"; };
		65A5111A287969490010CB79 /* RxSwiftEx-1Tests.xctest */ = {isa = PBXFileReference; explicitFileType = wrapper.cfbundle; includeInIndex = 0; path = "RxSwiftEx-1Tests.xctest"; sourceTree = BUILT_PRODUCTS_DIR; };
		65A5111E287969490010CB79 /* RxSwiftEx_1Tests.swift */ = {isa = PBXFileReference; lastKnownFileType = sourcecode.swift; path = RxSwiftEx_1Tests.swift; sourceTree = "<group>"; };
		65A51124287969490010CB79 /* RxSwiftEx-1UITests.xctest */ = {isa = PBXFileReference; explicitFileType = wrapper.cfbundle; includeInIndex = 0; path = "RxSwiftEx-1UITests.xctest"; sourceTree = BUILT_PRODUCTS_DIR; };
		65A51128287969490010CB79 /* RxSwiftEx_1UITests.swift */ = {isa = PBXFileReference; lastKnownFileType = sourcecode.swift; path = RxSwiftEx_1UITests.swift; sourceTree = "<group>"; };
		65A5112A287969490010CB79 /* RxSwiftEx_1UITestsLaunchTests.swift */ = {isa = PBXFileReference; lastKnownFileType = sourcecode.swift; path = RxSwiftEx_1UITestsLaunchTests.swift; sourceTree = "<group>"; };
		745A7919DF9F538FC6C431BE /* Pods_RxSwiftEx_1Tests.framework */ = {isa = PBXFileReference; explicitFileType = wrapper.framework; includeInIndex = 0; path = Pods_RxSwiftEx_1Tests.framework; sourceTree = BUILT_PRODUCTS_DIR; };
		87CB89F069C6D556E4D30CD4 /* Pods-RxSwiftEx-1-RxSwiftEx-1UITests.debug.xcconfig */ = {isa = PBXFileReference; includeInIndex = 1; lastKnownFileType = text.xcconfig; name = "Pods-RxSwiftEx-1-RxSwiftEx-1UITests.debug.xcconfig"; path = "Target Support Files/Pods-RxSwiftEx-1-RxSwiftEx-1UITests/Pods-RxSwiftEx-1-RxSwiftEx-1UITests.debug.xcconfig"; sourceTree = "<group>"; };
		A29C7367896B612B29ECB757 /* Pods-RxSwiftEx-1.debug.xcconfig */ = {isa = PBXFileReference; includeInIndex = 1; lastKnownFileType = text.xcconfig; name = "Pods-RxSwiftEx-1.debug.xcconfig"; path = "Target Support Files/Pods-RxSwiftEx-1/Pods-RxSwiftEx-1.debug.xcconfig"; sourceTree = "<group>"; };
		A8EADC8DD30F6B4008924005 /* Pods-RxSwiftEx-1-RxSwiftEx-1UITests.release.xcconfig */ = {isa = PBXFileReference; includeInIndex = 1; lastKnownFileType = text.xcconfig; name = "Pods-RxSwiftEx-1-RxSwiftEx-1UITests.release.xcconfig"; path = "Target Support Files/Pods-RxSwiftEx-1-RxSwiftEx-1UITests/Pods-RxSwiftEx-1-RxSwiftEx-1UITests.release.xcconfig"; sourceTree = "<group>"; };
		EDB601C4DE9CA43871313114 /* Pods-RxSwiftEx-1Tests.debug.xcconfig */ = {isa = PBXFileReference; includeInIndex = 1; lastKnownFileType = text.xcconfig; name = "Pods-RxSwiftEx-1Tests.debug.xcconfig"; path = "Target Support Files/Pods-RxSwiftEx-1Tests/Pods-RxSwiftEx-1Tests.debug.xcconfig"; sourceTree = "<group>"; };
		F276D02C420DAF3C62C41348 /* Pods-RxSwiftEx-1Tests.release.xcconfig */ = {isa = PBXFileReference; includeInIndex = 1; lastKnownFileType = text.xcconfig; name = "Pods-RxSwiftEx-1Tests.release.xcconfig"; path = "Target Support Files/Pods-RxSwiftEx-1Tests/Pods-RxSwiftEx-1Tests.release.xcconfig"; sourceTree = "<group>"; };
/* End PBXFileReference section */

/* Begin PBXFrameworksBuildPhase section */
		65A51101287969480010CB79 /* Frameworks */ = {
			isa = PBXFrameworksBuildPhase;
			buildActionMask = 2147483647;
			files = (
				B7C70F95DDE8E734B7A51392 /* Pods_RxSwiftEx_1.framework in Frameworks */,
			);
			runOnlyForDeploymentPostprocessing = 0;
		};
		65A51117287969490010CB79 /* Frameworks */ = {
			isa = PBXFrameworksBuildPhase;
			buildActionMask = 2147483647;
			files = (
				6718A4E8AD8B626D617A79D0 /* Pods_RxSwiftEx_1Tests.framework in Frameworks */,
			);
			runOnlyForDeploymentPostprocessing = 0;
		};
		65A51121287969490010CB79 /* Frameworks */ = {
			isa = PBXFrameworksBuildPhase;
			buildActionMask = 2147483647;
			files = (
				A875988ABF25EB6F2ADA82EC /* Pods_RxSwiftEx_1_RxSwiftEx_1UITests.framework in Frameworks */,
			);
			runOnlyForDeploymentPostprocessing = 0;
		};
/* End PBXFrameworksBuildPhase section */

/* Begin PBXGroup section */
		65A510FB287969480010CB79 = {
			isa = PBXGroup;
			children = (
				65A51106287969480010CB79 /* RxSwiftEx-1 */,
				65A5111D287969490010CB79 /* RxSwiftEx-1Tests */,
				65A51127287969490010CB79 /* RxSwiftEx-1UITests */,
				65A51105287969480010CB79 /* Products */,
				DACAC6FFB128F496AAC96E1E /* Pods */,
				C0C708B1C206E73AE4029F44 /* Frameworks */,
			);
			sourceTree = "<group>";
		};
		65A51105287969480010CB79 /* Products */ = {
			isa = PBXGroup;
			children = (
				65A51104287969480010CB79 /* RxSwiftEx-1.app */,
				65A5111A287969490010CB79 /* RxSwiftEx-1Tests.xctest */,
				65A51124287969490010CB79 /* RxSwiftEx-1UITests.xctest */,
			);
			name = Products;
			sourceTree = "<group>";
		};
		65A51106287969480010CB79 /* RxSwiftEx-1 */ = {
			isa = PBXGroup;
			children = (
				65A51107287969480010CB79 /* AppDelegate.swift */,
				65A51109287969480010CB79 /* SceneDelegate.swift */,
				65A5110B287969480010CB79 /* ViewController.swift */,
				65A5110D287969480010CB79 /* Main.storyboard */,
				65A51110287969480010CB79 /* Assets.xcassets */,
				65A51112287969480010CB79 /* LaunchScreen.storyboard */,
				65A51115287969480010CB79 /* Info.plist */,
			);
			path = "RxSwiftEx-1";
			sourceTree = "<group>";
		};
		65A5111D287969490010CB79 /* RxSwiftEx-1Tests */ = {
			isa = PBXGroup;
			children = (
				65A5111E287969490010CB79 /* RxSwiftEx_1Tests.swift */,
			);
			path = "RxSwiftEx-1Tests";
			sourceTree = "<group>";
		};
		65A51127287969490010CB79 /* RxSwiftEx-1UITests */ = {
			isa = PBXGroup;
			children = (
				65A51128287969490010CB79 /* RxSwiftEx_1UITests.swift */,
				65A5112A287969490010CB79 /* RxSwiftEx_1UITestsLaunchTests.swift */,
			);
			path = "RxSwiftEx-1UITests";
			sourceTree = "<group>";
		};
		C0C708B1C206E73AE4029F44 /* Frameworks */ = {
			isa = PBXGroup;
			children = (
				19C041E442F02E327D9BEB55 /* Pods_RxSwiftEx_1.framework */,
				0A599A009AE17AFB82A0BFB5 /* Pods_RxSwiftEx_1_RxSwiftEx_1UITests.framework */,
				745A7919DF9F538FC6C431BE /* Pods_RxSwiftEx_1Tests.framework */,
			);
			name = Frameworks;
			sourceTree = "<group>";
		};
		DACAC6FFB128F496AAC96E1E /* Pods */ = {
			isa = PBXGroup;
			children = (
				A29C7367896B612B29ECB757 /* Pods-RxSwiftEx-1.debug.xcconfig */,
				54B1134690368DA60813D902 /* Pods-RxSwiftEx-1.release.xcconfig */,
				87CB89F069C6D556E4D30CD4 /* Pods-RxSwiftEx-1-RxSwiftEx-1UITests.debug.xcconfig */,
				A8EADC8DD30F6B4008924005 /* Pods-RxSwiftEx-1-RxSwiftEx-1UITests.release.xcconfig */,
				EDB601C4DE9CA43871313114 /* Pods-RxSwiftEx-1Tests.debug.xcconfig */,
				F276D02C420DAF3C62C41348 /* Pods-RxSwiftEx-1Tests.release.xcconfig */,
			);
			name = Pods;
			path = Pods;
			sourceTree = "<group>";
		};
/* End PBXGroup section */

/* Begin PBXNativeTarget section */
		65A51103287969480010CB79 /* RxSwiftEx-1 */ = {
			isa = PBXNativeTarget;
			buildConfigurationList = 65A5112E287969490010CB79 /* Build configuration list for PBXNativeTarget "RxSwiftEx-1" */;
			buildPhases = (
				6E933386B6060E0EA296E9B8 /* [CP] Check Pods Manifest.lock */,
				65A51100287969480010CB79 /* Sources */,
				65A51101287969480010CB79 /* Frameworks */,
				65A51102287969480010CB79 /* Resources */,
				3D6D6B2AC312342414FF60D4 /* [CP] Embed Pods Frameworks */,
			);
			buildRules = (
			);
			dependencies = (
			);
			name = "RxSwiftEx-1";
			productName = "RxSwiftEx-1";
			productReference = 65A51104287969480010CB79 /* RxSwiftEx-1.app */;
			productType = "com.apple.product-type.application";
		};
		65A51119287969490010CB79 /* RxSwiftEx-1Tests */ = {
			isa = PBXNativeTarget;
			buildConfigurationList = 65A51131287969490010CB79 /* Build configuration list for PBXNativeTarget "RxSwiftEx-1Tests" */;
			buildPhases = (
				5D94516807CED5320D3A3EBD /* [CP] Check Pods Manifest.lock */,
				65A51116287969490010CB79 /* Sources */,
				65A51117287969490010CB79 /* Frameworks */,
				65A51118287969490010CB79 /* Resources */,
			);
			buildRules = (
			);
			dependencies = (
				65A5111C287969490010CB79 /* PBXTargetDependency */,
			);
			name = "RxSwiftEx-1Tests";
			productName = "RxSwiftEx-1Tests";
			productReference = 65A5111A287969490010CB79 /* RxSwiftEx-1Tests.xctest */;
			productType = "com.apple.product-type.bundle.unit-test";
		};
		65A51123287969490010CB79 /* RxSwiftEx-1UITests */ = {
			isa = PBXNativeTarget;
			buildConfigurationList = 65A51134287969490010CB79 /* Build configuration list for PBXNativeTarget "RxSwiftEx-1UITests" */;
			buildPhases = (
				71B5BE5E2DD83D4CEF3B5DD9 /* [CP] Check Pods Manifest.lock */,
				65A51120287969490010CB79 /* Sources */,
				65A51121287969490010CB79 /* Frameworks */,
				65A51122287969490010CB79 /* Resources */,
				7442AD493E32D2A5ED7268EB /* [CP] Embed Pods Frameworks */,
			);
			buildRules = (
			);
			dependencies = (
				65A51126287969490010CB79 /* PBXTargetDependency */,
			);
			name = "RxSwiftEx-1UITests";
			productName = "RxSwiftEx-1UITests";
			productReference = 65A51124287969490010CB79 /* RxSwiftEx-1UITests.xctest */;
			productType = "com.apple.product-type.bundle.ui-testing";
		};
/* End PBXNativeTarget section */

/* Begin PBXProject section */
		65A510FC287969480010CB79 /* Project object */ = {
			isa = PBXProject;
			attributes = {
				BuildIndependentTargetsInParallel = 1;
				LastSwiftUpdateCheck = 1330;
				LastUpgradeCheck = 1330;
				TargetAttributes = {
					65A51103287969480010CB79 = {
						CreatedOnToolsVersion = 13.3.1;
					};
					65A51119287969490010CB79 = {
						CreatedOnToolsVersion = 13.3.1;
						TestTargetID = 65A51103287969480010CB79;
					};
					65A51123287969490010CB79 = {
						CreatedOnToolsVersion = 13.3.1;
						TestTargetID = 65A51103287969480010CB79;
					};
				};
			};
			buildConfigurationList = 65A510FF287969480010CB79 /* Build configuration list for PBXProject "RxSwiftEx-1" */;
			compatibilityVersion = "Xcode 13.0";
			developmentRegion = en;
			hasScannedForEncodings = 0;
			knownRegions = (
				en,
				Base,
			);
			mainGroup = 65A510FB287969480010CB79;
			productRefGroup = 65A51105287969480010CB79 /* Products */;
			projectDirPath = "";
			projectRoot = "";
			targets = (
				65A51103287969480010CB79 /* RxSwiftEx-1 */,
				65A51119287969490010CB79 /* RxSwiftEx-1Tests */,
				65A51123287969490010CB79 /* RxSwiftEx-1UITests */,
			);
		};
/* End PBXProject section */

/* Begin PBXResourcesBuildPhase section */
		65A51102287969480010CB79 /* Resources */ = {
			isa = PBXResourcesBuildPhase;
			buildActionMask = 2147483647;
			files = (
				65A51114287969480010CB79 /* LaunchScreen.storyboard in Resources */,
				65A51111287969480010CB79 /* Assets.xcassets in Resources */,
				65A5110F287969480010CB79 /* Main.storyboard in Resources */,
			);
			runOnlyForDeploymentPostprocessing = 0;
		};
		65A51118287969490010CB79 /* Resources */ = {
			isa = PBXResourcesBuildPhase;
			buildActionMask = 2147483647;
			files = (
			);
			runOnlyForDeploymentPostprocessing = 0;
		};
		65A51122287969490010CB79 /* Resources */ = {
			isa = PBXResourcesBuildPhase;
			buildActionMask = 2147483647;
			files = (
			);
			runOnlyForDeploymentPostprocessing = 0;
		};
/* End PBXResourcesBuildPhase section */

/* Begin PBXShellScriptBuildPhase section */
		3D6D6B2AC312342414FF60D4 /* [CP] Embed Pods Frameworks */ = {
			isa = PBXShellScriptBuildPhase;
			buildActionMask = 2147483647;
			files = (
			);
			inputFileListPaths = (
				"${PODS_ROOT}/Target Support Files/Pods-RxSwiftEx-1/Pods-RxSwiftEx-1-frameworks-${CONFIGURATION}-input-files.xcfilelist",
			);
			name = "[CP] Embed Pods Frameworks";
			outputFileListPaths = (
				"${PODS_ROOT}/Target Support Files/Pods-RxSwiftEx-1/Pods-RxSwiftEx-1-frameworks-${CONFIGURATION}-output-files.xcfilelist",
			);
			runOnlyForDeploymentPostprocessing = 0;
			shellPath = /bin/sh;
			shellScript = "\"${PODS_ROOT}/Target Support Files/Pods-RxSwiftEx-1/Pods-RxSwiftEx-1-frameworks.sh\"\n";
			showEnvVarsInLog = 0;
		};
		5D94516807CED5320D3A3EBD /* [CP] Check Pods Manifest.lock */ = {
			isa = PBXShellScriptBuildPhase;
			buildActionMask = 2147483647;
			files = (
			);
			inputFileListPaths = (
			);
			inputPaths = (
				"${PODS_PODFILE_DIR_PATH}/Podfile.lock",
				"${PODS_ROOT}/Manifest.lock",
			);
			name = "[CP] Check Pods Manifest.lock";
			outputFileListPaths = (
			);
			outputPaths = (
				"$(DERIVED_FILE_DIR)/Pods-RxSwiftEx-1Tests-checkManifestLockResult.txt",
			);
			runOnlyForDeploymentPostprocessing = 0;
			shellPath = /bin/sh;
			shellScript = "diff \"${PODS_PODFILE_DIR_PATH}/Podfile.lock\" \"${PODS_ROOT}/Manifest.lock\" > /dev/null\nif [ $? != 0 ] ; then\n    # print error to STDERR\n    echo \"error: The sandbox is not in sync with the Podfile.lock. Run 'pod install' or update your CocoaPods installation.\" >&2\n    exit 1\nfi\n# This output is used by Xcode 'outputs' to avoid re-running this script phase.\necho \"SUCCESS\" > \"${SCRIPT_OUTPUT_FILE_0}\"\n";
			showEnvVarsInLog = 0;
		};
		6E933386B6060E0EA296E9B8 /* [CP] Check Pods Manifest.lock */ = {
			isa = PBXShellScriptBuildPhase;
			buildActionMask = 2147483647;
			files = (
			);
			inputFileListPaths = (
			);
			inputPaths = (
				"${PODS_PODFILE_DIR_PATH}/Podfile.lock",
				"${PODS_ROOT}/Manifest.lock",
			);
			name = "[CP] Check Pods Manifest.lock";
			outputFileListPaths = (
			);
			outputPaths = (
				"$(DERIVED_FILE_DIR)/Pods-RxSwiftEx-1-checkManifestLockResult.txt",
			);
			runOnlyForDeploymentPostprocessing = 0;
			shellPath = /bin/sh;
			shellScript = "diff \"${PODS_PODFILE_DIR_PATH}/Podfile.lock\" \"${PODS_ROOT}/Manifest.lock\" > /dev/null\nif [ $? != 0 ] ; then\n    # print error to STDERR\n    echo \"error: The sandbox is not in sync with the Podfile.lock. Run 'pod install' or update your CocoaPods installation.\" >&2\n    exit 1\nfi\n# This output is used by Xcode 'outputs' to avoid re-running this script phase.\necho \"SUCCESS\" > \"${SCRIPT_OUTPUT_FILE_0}\"\n";
			showEnvVarsInLog = 0;
		};
		71B5BE5E2DD83D4CEF3B5DD9 /* [CP] Check Pods Manifest.lock */ = {
			isa = PBXShellScriptBuildPhase;
			buildActionMask = 2147483647;
			files = (
			);
			inputFileListPaths = (
			);
			inputPaths = (
				"${PODS_PODFILE_DIR_PATH}/Podfile.lock",
				"${PODS_ROOT}/Manifest.lock",
			);
			name = "[CP] Check Pods Manifest.lock";
			outputFileListPaths = (
			);
			outputPaths = (
				"$(DERIVED_FILE_DIR)/Pods-RxSwiftEx-1-RxSwiftEx-1UITests-checkManifestLockResult.txt",
			);
			runOnlyForDeploymentPostprocessing = 0;
			shellPath = /bin/sh;
			shellScript = "diff \"${PODS_PODFILE_DIR_PATH}/Podfile.lock\" \"${PODS_ROOT}/Manifest.lock\" > /dev/null\nif [ $? != 0 ] ; then\n    # print error to STDERR\n    echo \"error: The sandbox is not in sync with the Podfile.lock. Run 'pod install' or update your CocoaPods installation.\" >&2\n    exit 1\nfi\n# This output is used by Xcode 'outputs' to avoid re-running this script phase.\necho \"SUCCESS\" > \"${SCRIPT_OUTPUT_FILE_0}\"\n";
			showEnvVarsInLog = 0;
		};
		7442AD493E32D2A5ED7268EB /* [CP] Embed Pods Frameworks */ = {
			isa = PBXShellScriptBuildPhase;
			buildActionMask = 2147483647;
			files = (
			);
			inputFileListPaths = (
				"${PODS_ROOT}/Target Support Files/Pods-RxSwiftEx-1-RxSwiftEx-1UITests/Pods-RxSwiftEx-1-RxSwiftEx-1UITests-frameworks-${CONFIGURATION}-input-files.xcfilelist",
			);
			name = "[CP] Embed Pods Frameworks";
			outputFileListPaths = (
				"${PODS_ROOT}/Target Support Files/Pods-RxSwiftEx-1-RxSwiftEx-1UITests/Pods-RxSwiftEx-1-RxSwiftEx-1UITests-frameworks-${CONFIGURATION}-output-files.xcfilelist",
			);
			runOnlyForDeploymentPostprocessing = 0;
			shellPath = /bin/sh;
			shellScript = "\"${PODS_ROOT}/Target Support Files/Pods-RxSwiftEx-1-RxSwiftEx-1UITests/Pods-RxSwiftEx-1-RxSwiftEx-1UITests-frameworks.sh\"\n";
			showEnvVarsInLog = 0;
		};
/* End PBXShellScriptBuildPhase section */

/* Begin PBXSourcesBuildPhase section */
		65A51100287969480010CB79 /* Sources */ = {
			isa = PBXSourcesBuildPhase;
			buildActionMask = 2147483647;
			files = (
				65A5110C287969480010CB79 /* ViewController.swift in Sources */,
				65A51108287969480010CB79 /* AppDelegate.swift in Sources */,
				65A5110A287969480010CB79 /* SceneDelegate.swift in Sources */,
			);
			runOnlyForDeploymentPostprocessing = 0;
		};
		65A51116287969490010CB79 /* Sources */ = {
			isa = PBXSourcesBuildPhase;
			buildActionMask = 2147483647;
			files = (
				65A5111F287969490010CB79 /* RxSwiftEx_1Tests.swift in Sources */,
			);
			runOnlyForDeploymentPostprocessing = 0;
		};
		65A51120287969490010CB79 /* Sources */ = {
			isa = PBXSourcesBuildPhase;
			buildActionMask = 2147483647;
			files = (
				65A51129287969490010CB79 /* RxSwiftEx_1UITests.swift in Sources */,
				65A5112B287969490010CB79 /* RxSwiftEx_1UITestsLaunchTests.swift in Sources */,
			);
			runOnlyForDeploymentPostprocessing = 0;
		};
/* End PBXSourcesBuildPhase section */

/* Begin PBXTargetDependency section */
		65A5111C287969490010CB79 /* PBXTargetDependency */ = {
			isa = PBXTargetDependency;
			target = 65A51103287969480010CB79 /* RxSwiftEx-1 */;
			targetProxy = 65A5111B287969490010CB79 /* PBXContainerItemProxy */;
		};
		65A51126287969490010CB79 /* PBXTargetDependency */ = {
			isa = PBXTargetDependency;
			target = 65A51103287969480010CB79 /* RxSwiftEx-1 */;
			targetProxy = 65A51125287969490010CB79 /* PBXContainerItemProxy */;
		};
/* End PBXTargetDependency section */

/* Begin PBXVariantGroup section */
		65A5110D287969480010CB79 /* Main.storyboard */ = {
			isa = PBXVariantGroup;
			children = (
				65A5110E287969480010CB79 /* Base */,
			);
			name = Main.storyboard;
			sourceTree = "<group>";
		};
		65A51112287969480010CB79 /* LaunchScreen.storyboard */ = {
			isa = PBXVariantGroup;
			children = (
				65A51113287969480010CB79 /* Base */,
			);
			name = LaunchScreen.storyboard;
			sourceTree = "<group>";
		};
/* End PBXVariantGroup section */

/* Begin XCBuildConfiguration section */
		65A5112C287969490010CB79 /* Debug */ = {
			isa = XCBuildConfiguration;
			buildSettings = {
				ALWAYS_SEARCH_USER_PATHS = NO;
				CLANG_ANALYZER_NONNULL = YES;
				CLANG_ANALYZER_NUMBER_OBJECT_CONVERSION = YES_AGGRESSIVE;
				CLANG_CXX_LANGUAGE_STANDARD = "gnu++17";
				CLANG_ENABLE_MODULES = YES;
				CLANG_ENABLE_OBJC_ARC = YES;
				CLANG_ENABLE_OBJC_WEAK = YES;
				CLANG_WARN_BLOCK_CAPTURE_AUTORELEASING = YES;
				CLANG_WARN_BOOL_CONVERSION = YES;
				CLANG_WARN_COMMA = YES;
				CLANG_WARN_CONSTANT_CONVERSION = YES;
				CLANG_WARN_DEPRECATED_OBJC_IMPLEMENTATIONS = YES;
				CLANG_WARN_DIRECT_OBJC_ISA_USAGE = YES_ERROR;
				CLANG_WARN_DOCUMENTATION_COMMENTS = YES;
				CLANG_WARN_EMPTY_BODY = YES;
				CLANG_WARN_ENUM_CONVERSION = YES;
				CLANG_WARN_INFINITE_RECURSION = YES;
				CLANG_WARN_INT_CONVERSION = YES;
				CLANG_WARN_NON_LITERAL_NULL_CONVERSION = YES;
				CLANG_WARN_OBJC_IMPLICIT_RETAIN_SELF = YES;
				CLANG_WARN_OBJC_LITERAL_CONVERSION = YES;
				CLANG_WARN_OBJC_ROOT_CLASS = YES_ERROR;
				CLANG_WARN_QUOTED_INCLUDE_IN_FRAMEWORK_HEADER = YES;
				CLANG_WARN_RANGE_LOOP_ANALYSIS = YES;
				CLANG_WARN_STRICT_PROTOTYPES = YES;
				CLANG_WARN_SUSPICIOUS_MOVE = YES;
				CLANG_WARN_UNGUARDED_AVAILABILITY = YES_AGGRESSIVE;
				CLANG_WARN_UNREACHABLE_CODE = YES;
				CLANG_WARN__DUPLICATE_METHOD_MATCH = YES;
				COPY_PHASE_STRIP = NO;
				DEBUG_INFORMATION_FORMAT = dwarf;
				ENABLE_STRICT_OBJC_MSGSEND = YES;
				ENABLE_TESTABILITY = YES;
				GCC_C_LANGUAGE_STANDARD = gnu11;
				GCC_DYNAMIC_NO_PIC = NO;
				GCC_NO_COMMON_BLOCKS = YES;
				GCC_OPTIMIZATION_LEVEL = 0;
				GCC_PREPROCESSOR_DEFINITIONS = (
					"DEBUG=1",
					"$(inherited)",
				);
				GCC_WARN_64_TO_32_BIT_CONVERSION = YES;
				GCC_WARN_ABOUT_RETURN_TYPE = YES_ERROR;
				GCC_WARN_UNDECLARED_SELECTOR = YES;
				GCC_WARN_UNINITIALIZED_AUTOS = YES_AGGRESSIVE;
				GCC_WARN_UNUSED_FUNCTION = YES;
				GCC_WARN_UNUSED_VARIABLE = YES;
				IPHONEOS_DEPLOYMENT_TARGET = 15.4;
				MTL_ENABLE_DEBUG_INFO = INCLUDE_SOURCE;
				MTL_FAST_MATH = YES;
				ONLY_ACTIVE_ARCH = YES;
				SDKROOT = iphoneos;
				SWIFT_ACTIVE_COMPILATION_CONDITIONS = DEBUG;
				SWIFT_OPTIMIZATION_LEVEL = "-Onone";
			};
			name = Debug;
		};
		65A5112D287969490010CB79 /* Release */ = {
			isa = XCBuildConfiguration;
			buildSettings = {
				ALWAYS_SEARCH_USER_PATHS = NO;
				CLANG_ANALYZER_NONNULL = YES;
				CLANG_ANALYZER_NUMBER_OBJECT_CONVERSION = YES_AGGRESSIVE;
				CLANG_CXX_LANGUAGE_STANDARD = "gnu++17";
				CLANG_ENABLE_MODULES = YES;
				CLANG_ENABLE_OBJC_ARC = YES;
				CLANG_ENABLE_OBJC_WEAK = YES;
				CLANG_WARN_BLOCK_CAPTURE_AUTORELEASING = YES;
				CLANG_WARN_BOOL_CONVERSION = YES;
				CLANG_WARN_COMMA = YES;
				CLANG_WARN_CONSTANT_CONVERSION = YES;
				CLANG_WARN_DEPRECATED_OBJC_IMPLEMENTATIONS = YES;
				CLANG_WARN_DIRECT_OBJC_ISA_USAGE = YES_ERROR;
				CLANG_WARN_DOCUMENTATION_COMMENTS = YES;
				CLANG_WARN_EMPTY_BODY = YES;
				CLANG_WARN_ENUM_CONVERSION = YES;
				CLANG_WARN_INFINITE_RECURSION = YES;
				CLANG_WARN_INT_CONVERSION = YES;
				CLANG_WARN_NON_LITERAL_NULL_CONVERSION = YES;
				CLANG_WARN_OBJC_IMPLICIT_RETAIN_SELF = YES;
				CLANG_WARN_OBJC_LITERAL_CONVERSION = YES;
				CLANG_WARN_OBJC_ROOT_CLASS = YES_ERROR;
				CLANG_WARN_QUOTED_INCLUDE_IN_FRAMEWORK_HEADER = YES;
				CLANG_WARN_RANGE_LOOP_ANALYSIS = YES;
				CLANG_WARN_STRICT_PROTOTYPES = YES;
				CLANG_WARN_SUSPICIOUS_MOVE = YES;
				CLANG_WARN_UNGUARDED_AVAILABILITY = YES_AGGRESSIVE;
				CLANG_WARN_UNREACHABLE_CODE = YES;
				CLANG_WARN__DUPLICATE_METHOD_MATCH = YES;
				COPY_PHASE_STRIP = NO;
				DEBUG_INFORMATION_FORMAT = "dwarf-with-dsym";
				ENABLE_NS_ASSERTIONS = NO;
				ENABLE_STRICT_OBJC_MSGSEND = YES;
				GCC_C_LANGUAGE_STANDARD = gnu11;
				GCC_NO_COMMON_BLOCKS = YES;
				GCC_WARN_64_TO_32_BIT_CONVERSION = YES;
				GCC_WARN_ABOUT_RETURN_TYPE = YES_ERROR;
				GCC_WARN_UNDECLARED_SELECTOR = YES;
				GCC_WARN_UNINITIALIZED_AUTOS = YES_AGGRESSIVE;
				GCC_WARN_UNUSED_FUNCTION = YES;
				GCC_WARN_UNUSED_VARIABLE = YES;
				IPHONEOS_DEPLOYMENT_TARGET = 15.4;
				MTL_ENABLE_DEBUG_INFO = NO;
				MTL_FAST_MATH = YES;
				SDKROOT = iphoneos;
				SWIFT_COMPILATION_MODE = wholemodule;
				SWIFT_OPTIMIZATION_LEVEL = "-O";
				VALIDATE_PRODUCT = YES;
			};
			name = Release;
		};
		65A5112F287969490010CB79 /* Debug */ = {
			isa = XCBuildConfiguration;
			baseConfigurationReference = A29C7367896B612B29ECB757 /* Pods-RxSwiftEx-1.debug.xcconfig */;
			buildSettings = {
				ASSETCATALOG_COMPILER_APPICON_NAME = AppIcon;
				ASSETCATALOG_COMPILER_GLOBAL_ACCENT_COLOR_NAME = AccentColor;
				CODE_SIGN_STYLE = Automatic;
				CURRENT_PROJECT_VERSION = 1;
				DEVELOPMENT_TEAM = W4HDX5XCG8;
				GENERATE_INFOPLIST_FILE = YES;
				INFOPLIST_FILE = "RxSwiftEx-1/Info.plist";
				INFOPLIST_KEY_UIApplicationSupportsIndirectInputEvents = YES;
				INFOPLIST_KEY_UILaunchStoryboardName = LaunchScreen;
				INFOPLIST_KEY_UIMainStoryboardFile = Main;
				INFOPLIST_KEY_UISupportedInterfaceOrientations_iPad = "UIInterfaceOrientationPortrait UIInterfaceOrientationPortraitUpsideDown UIInterfaceOrientationLandscapeLeft UIInterfaceOrientationLandscapeRight";
				INFOPLIST_KEY_UISupportedInterfaceOrientations_iPhone = "UIInterfaceOrientationPortrait UIInterfaceOrientationLandscapeLeft UIInterfaceOrientationLandscapeRight";
				LD_RUNPATH_SEARCH_PATHS = (
					"$(inherited)",
					"@executable_path/Frameworks",
				);
				MARKETING_VERSION = 1.0;
				PRODUCT_BUNDLE_IDENTIFIER = "com.sangwon.RxSwiftEx-1";
				PRODUCT_NAME = "$(TARGET_NAME)";
				SWIFT_EMIT_LOC_STRINGS = YES;
				SWIFT_VERSION = 5.0;
				TARGETED_DEVICE_FAMILY = "1,2";
			};
			name = Debug;
		};
		65A51130287969490010CB79 /* Release */ = {
			isa = XCBuildConfiguration;
			baseConfigurationReference = 54B1134690368DA60813D902 /* Pods-RxSwiftEx-1.release.xcconfig */;
			buildSettings = {
				ASSETCATALOG_COMPILER_APPICON_NAME = AppIcon;
				ASSETCATALOG_COMPILER_GLOBAL_ACCENT_COLOR_NAME = AccentColor;
				CODE_SIGN_STYLE = Automatic;
				CURRENT_PROJECT_VERSION = 1;
				DEVELOPMENT_TEAM = W4HDX5XCG8;
				GENERATE_INFOPLIST_FILE = YES;
				INFOPLIST_FILE = "RxSwiftEx-1/Info.plist";
				INFOPLIST_KEY_UIApplicationSupportsIndirectInputEvents = YES;
				INFOPLIST_KEY_UILaunchStoryboardName = LaunchScreen;
				INFOPLIST_KEY_UIMainStoryboardFile = Main;
				INFOPLIST_KEY_UISupportedInterfaceOrientations_iPad = "UIInterfaceOrientationPortrait UIInterfaceOrientationPortraitUpsideDown UIInterfaceOrientationLandscapeLeft UIInterfaceOrientationLandscapeRight";
				INFOPLIST_KEY_UISupportedInterfaceOrientations_iPhone = "UIInterfaceOrientationPortrait UIInterfaceOrientationLandscapeLeft UIInterfaceOrientationLandscapeRight";
				LD_RUNPATH_SEARCH_PATHS = (
					"$(inherited)",
					"@executable_path/Frameworks",
				);
				MARKETING_VERSION = 1.0;
				PRODUCT_BUNDLE_IDENTIFIER = "com.sangwon.RxSwiftEx-1";
				PRODUCT_NAME = "$(TARGET_NAME)";
				SWIFT_EMIT_LOC_STRINGS = YES;
				SWIFT_VERSION = 5.0;
				TARGETED_DEVICE_FAMILY = "1,2";
			};
			name = Release;
		};
		65A51132287969490010CB79 /* Debug */ = {
			isa = XCBuildConfiguration;
			baseConfigurationReference = EDB601C4DE9CA43871313114 /* Pods-RxSwiftEx-1Tests.debug.xcconfig */;
			buildSettings = {
				ALWAYS_EMBED_SWIFT_STANDARD_LIBRARIES = YES;
				BUNDLE_LOADER = "$(TEST_HOST)";
				CODE_SIGN_STYLE = Automatic;
				CURRENT_PROJECT_VERSION = 1;
				DEVELOPMENT_TEAM = W4HDX5XCG8;
				GENERATE_INFOPLIST_FILE = YES;
				IPHONEOS_DEPLOYMENT_TARGET = 15.4;
				MARKETING_VERSION = 1.0;
				PRODUCT_BUNDLE_IDENTIFIER = "com.sangwon.RxSwiftEx-1Tests";
				PRODUCT_NAME = "$(TARGET_NAME)";
				SWIFT_EMIT_LOC_STRINGS = NO;
				SWIFT_VERSION = 5.0;
				TARGETED_DEVICE_FAMILY = "1,2";
				TEST_HOST = "$(BUILT_PRODUCTS_DIR)/RxSwiftEx-1.app/RxSwiftEx-1";
			};
			name = Debug;
		};
		65A51133287969490010CB79 /* Release */ = {
			isa = XCBuildConfiguration;
			baseConfigurationReference = F276D02C420DAF3C62C41348 /* Pods-RxSwiftEx-1Tests.release.xcconfig */;
			buildSettings = {
				ALWAYS_EMBED_SWIFT_STANDARD_LIBRARIES = YES;
				BUNDLE_LOADER = "$(TEST_HOST)";
				CODE_SIGN_STYLE = Automatic;
				CURRENT_PROJECT_VERSION = 1;
				DEVELOPMENT_TEAM = W4HDX5XCG8;
				GENERATE_INFOPLIST_FILE = YES;
				IPHONEOS_DEPLOYMENT_TARGET = 15.4;
				MARKETING_VERSION = 1.0;
				PRODUCT_BUNDLE_IDENTIFIER = "com.sangwon.RxSwiftEx-1Tests";
				PRODUCT_NAME = "$(TARGET_NAME)";
				SWIFT_EMIT_LOC_STRINGS = NO;
				SWIFT_VERSION = 5.0;
				TARGETED_DEVICE_FAMILY = "1,2";
				TEST_HOST = "$(BUILT_PRODUCTS_DIR)/RxSwiftEx-1.app/RxSwiftEx-1";
			};
			name = Release;
		};
		65A51135287969490010CB79 /* Debug */ = {
			isa = XCBuildConfiguration;
			baseConfigurationReference = 87CB89F069C6D556E4D30CD4 /* Pods-RxSwiftEx-1-RxSwiftEx-1UITests.debug.xcconfig */;
			buildSettings = {
				ALWAYS_EMBED_SWIFT_STANDARD_LIBRARIES = YES;
				CODE_SIGN_STYLE = Automatic;
				CURRENT_PROJECT_VERSION = 1;
				DEVELOPMENT_TEAM = W4HDX5XCG8;
				GENERATE_INFOPLIST_FILE = YES;
				MARKETING_VERSION = 1.0;
				PRODUCT_BUNDLE_IDENTIFIER = "com.sangwon.RxSwiftEx-1UITests";
				PRODUCT_NAME = "$(TARGET_NAME)";
				SWIFT_EMIT_LOC_STRINGS = NO;
				SWIFT_VERSION = 5.0;
				TARGETED_DEVICE_FAMILY = "1,2";
				TEST_TARGET_NAME = "RxSwiftEx-1";
			};
			name = Debug;
		};
		65A51136287969490010CB79 /* Release */ = {
			isa = XCBuildConfiguration;
			baseConfigurationReference = A8EADC8DD30F6B4008924005 /* Pods-RxSwiftEx-1-RxSwiftEx-1UITests.release.xcconfig */;
			buildSettings = {
				ALWAYS_EMBED_SWIFT_STANDARD_LIBRARIES = YES;
				CODE_SIGN_STYLE = Automatic;
				CURRENT_PROJECT_VERSION = 1;
				DEVELOPMENT_TEAM = W4HDX5XCG8;
				GENERATE_INFOPLIST_FILE = YES;
				MARKETING_VERSION = 1.0;
				PRODUCT_BUNDLE_IDENTIFIER = "com.sangwon.RxSwiftEx-1UITests";
				PRODUCT_NAME = "$(TARGET_NAME)";
				SWIFT_EMIT_LOC_STRINGS = NO;
				SWIFT_VERSION = 5.0;
				TARGETED_DEVICE_FAMILY = "1,2";
				TEST_TARGET_NAME = "RxSwiftEx-1";
			};
			name = Release;
		};
/* End XCBuildConfiguration section */

/* Begin XCConfigurationList section */
		65A510FF287969480010CB79 /* Build configuration list for PBXProject "RxSwiftEx-1" */ = {
			isa = XCConfigurationList;
			buildConfigurations = (
				65A5112C287969490010CB79 /* Debug */,
				65A5112D287969490010CB79 /* Release */,
			);
			defaultConfigurationIsVisible = 0;
			defaultConfigurationName = Release;
		};
		65A5112E287969490010CB79 /* Build configuration list for PBXNativeTarget "RxSwiftEx-1" */ = {
			isa = XCConfigurationList;
			buildConfigurations = (
				65A5112F287969490010CB79 /* Debug */,
				65A51130287969490010CB79 /* Release */,
			);
			defaultConfigurationIsVisible = 0;
			defaultConfigurationName = Release;
		};
		65A51131287969490010CB79 /* Build configuration list for PBXNativeTarget "RxSwiftEx-1Tests" */ = {
			isa = XCConfigurationList;
			buildConfigurations = (
				65A51132287969490010CB79 /* Debug */,
				65A51133287969490010CB79 /* Release */,
			);
			defaultConfigurationIsVisible = 0;
			defaultConfigurationName = Release;
		};
		65A51134287969490010CB79 /* Build configuration list for PBXNativeTarget "RxSwiftEx-1UITests" */ = {
			isa = XCConfigurationList;
			buildConfigurations = (
				65A51135287969490010CB79 /* Debug */,
				65A51136287969490010CB79 /* Release */,
			);
			defaultConfigurationIsVisible = 0;
			defaultConfigurationName = Release;
		};
/* End XCConfigurationList section */
	};
	rootObject = 65A510FC287969480010CB79 /* Project object */;
}
