// !$*UTF8*$!
{
	archiveVersion = 1;
	classes = {
	};
	objectVersion = 55;
	objects = {

/* Begin PBXBuildFile section */
		6566CB232845DDC700947891 /* AppDelegate.swift in Sources */ = {isa = PBXBuildFile; fileRef = 6566CB222845DDC700947891 /* AppDelegate.swift */; };
		6566CB252845DDC700947891 /* SceneDelegate.swift in Sources */ = {isa = PBXBuildFile; fileRef = 6566CB242845DDC700947891 /* SceneDelegate.swift */; };
		6566CB272845DDC700947891 /* ViewController.swift in Sources */ = {isa = PBXBuildFile; fileRef = 6566CB262845DDC700947891 /* ViewController.swift */; };
		6566CB2A2845DDC700947891 /* Main.storyboard in Resources */ = {isa = PBXBuildFile; fileRef = 6566CB282845DDC700947891 /* Main.storyboard */; };
		6566CB2C2845DDC800947891 /* Assets.xcassets in Resources */ = {isa = PBXBuildFile; fileRef = 6566CB2B2845DDC800947891 /* Assets.xcassets */; };
		6566CB2F2845DDC800947891 /* LaunchScreen.storyboard in Resources */ = {isa = PBXBuildFile; fileRef = 6566CB2D2845DDC800947891 /* LaunchScreen.storyboard */; };
		D4DC9ACB33B7F0E13A561CE7 /* Pods_RXSwift_4_hours.framework in Frameworks */ = {isa = PBXBuildFile; fileRef = 7113CA49F2060F5B4DCF54B3 /* Pods_RXSwift_4_hours.framework */; };
/* End PBXBuildFile section */

/* Begin PBXFileReference section */
		6566CB1F2845DDC700947891 /* RXSwift_4_hours.app */ = {isa = PBXFileReference; explicitFileType = wrapper.application; includeInIndex = 0; path = RXSwift_4_hours.app; sourceTree = BUILT_PRODUCTS_DIR; };
		6566CB222845DDC700947891 /* AppDelegate.swift */ = {isa = PBXFileReference; lastKnownFileType = sourcecode.swift; path = AppDelegate.swift; sourceTree = "<group>"; };
		6566CB242845DDC700947891 /* SceneDelegate.swift */ = {isa = PBXFileReference; lastKnownFileType = sourcecode.swift; path = SceneDelegate.swift; sourceTree = "<group>"; };
		6566CB262845DDC700947891 /* ViewController.swift */ = {isa = PBXFileReference; lastKnownFileType = sourcecode.swift; path = ViewController.swift; sourceTree = "<group>"; };
		6566CB292845DDC700947891 /* Base */ = {isa = PBXFileReference; lastKnownFileType = file.storyboard; name = Base; path = Base.lproj/Main.storyboard; sourceTree = "<group>"; };
		6566CB2B2845DDC800947891 /* Assets.xcassets */ = {isa = PBXFileReference; lastKnownFileType = folder.assetcatalog; path = Assets.xcassets; sourceTree = "<group>"; };
		6566CB2E2845DDC800947891 /* Base */ = {isa = PBXFileReference; lastKnownFileType = file.storyboard; name = Base; path = Base.lproj/LaunchScreen.storyboard; sourceTree = "<group>"; };
		6566CB302845DDC800947891 /* Info.plist */ = {isa = PBXFileReference; lastKnownFileType = text.plist.xml; path = Info.plist; sourceTree = "<group>"; };
		7113CA49F2060F5B4DCF54B3 /* Pods_RXSwift_4_hours.framework */ = {isa = PBXFileReference; explicitFileType = wrapper.framework; includeInIndex = 0; path = Pods_RXSwift_4_hours.framework; sourceTree = BUILT_PRODUCTS_DIR; };
		871F65FDBD0FCA7B8B3F3F22 /* Pods-RXSwift_4_hours.debug.xcconfig */ = {isa = PBXFileReference; includeInIndex = 1; lastKnownFileType = text.xcconfig; name = "Pods-RXSwift_4_hours.debug.xcconfig"; path = "Target Support Files/Pods-RXSwift_4_hours/Pods-RXSwift_4_hours.debug.xcconfig"; sourceTree = "<group>"; };
		E80B29E9550D6B67EDCFD91A /* Pods-RXSwift_4_hours.release.xcconfig */ = {isa = PBXFileReference; includeInIndex = 1; lastKnownFileType = text.xcconfig; name = "Pods-RXSwift_4_hours.release.xcconfig"; path = "Target Support Files/Pods-RXSwift_4_hours/Pods-RXSwift_4_hours.release.xcconfig"; sourceTree = "<group>"; };
/* End PBXFileReference section */

/* Begin PBXFrameworksBuildPhase section */
		6566CB1C2845DDC700947891 /* Frameworks */ = {
			isa = PBXFrameworksBuildPhase;
			buildActionMask = 2147483647;
			files = (
				D4DC9ACB33B7F0E13A561CE7 /* Pods_RXSwift_4_hours.framework in Frameworks */,
			);
			runOnlyForDeploymentPostprocessing = 0;
		};
/* End PBXFrameworksBuildPhase section */

/* Begin PBXGroup section */
		6566CB162845DDC700947891 = {
			isa = PBXGroup;
			children = (
				6566CB212845DDC700947891 /* RXSwift_4_hours */,
				6566CB202845DDC700947891 /* Products */,
				FEAE1CE04A52D129235E400D /* Pods */,
				9AA50AC82D4F19725907805B /* Frameworks */,
			);
			sourceTree = "<group>";
		};
		6566CB202845DDC700947891 /* Products */ = {
			isa = PBXGroup;
			children = (
				6566CB1F2845DDC700947891 /* RXSwift_4_hours.app */,
			);
			name = Products;
			sourceTree = "<group>";
		};
		6566CB212845DDC700947891 /* RXSwift_4_hours */ = {
			isa = PBXGroup;
			children = (
				6566CB222845DDC700947891 /* AppDelegate.swift */,
				6566CB242845DDC700947891 /* SceneDelegate.swift */,
				6566CB262845DDC700947891 /* ViewController.swift */,
				6566CB282845DDC700947891 /* Main.storyboard */,
				6566CB2B2845DDC800947891 /* Assets.xcassets */,
				6566CB2D2845DDC800947891 /* LaunchScreen.storyboard */,
				6566CB302845DDC800947891 /* Info.plist */,
			);
			path = RXSwift_4_hours;
			sourceTree = "<group>";
		};
		9AA50AC82D4F19725907805B /* Frameworks */ = {
			isa = PBXGroup;
			children = (
				7113CA49F2060F5B4DCF54B3 /* Pods_RXSwift_4_hours.framework */,
			);
			name = Frameworks;
			sourceTree = "<group>";
		};
		FEAE1CE04A52D129235E400D /* Pods */ = {
			isa = PBXGroup;
			children = (
				871F65FDBD0FCA7B8B3F3F22 /* Pods-RXSwift_4_hours.debug.xcconfig */,
				E80B29E9550D6B67EDCFD91A /* Pods-RXSwift_4_hours.release.xcconfig */,
			);
			name = Pods;
			path = Pods;
			sourceTree = "<group>";
		};
/* End PBXGroup section */

/* Begin PBXNativeTarget section */
		6566CB1E2845DDC700947891 /* RXSwift_4_hours */ = {
			isa = PBXNativeTarget;
			buildConfigurationList = 6566CB332845DDC800947891 /* Build configuration list for PBXNativeTarget "RXSwift_4_hours" */;
			buildPhases = (
				1E23D11F9C29F19291E499D1 /* [CP] Check Pods Manifest.lock */,
				6566CB1B2845DDC700947891 /* Sources */,
				6566CB1C2845DDC700947891 /* Frameworks */,
				6566CB1D2845DDC700947891 /* Resources */,
				F15F714A716B862A6D50BFDB /* [CP] Embed Pods Frameworks */,
			);
			buildRules = (
			);
			dependencies = (
			);
			name = RXSwift_4_hours;
			productName = RXSwift_4_hours;
			productReference = 6566CB1F2845DDC700947891 /* RXSwift_4_hours.app */;
			productType = "com.apple.product-type.application";
		};
/* End PBXNativeTarget section */

/* Begin PBXProject section */
		6566CB172845DDC700947891 /* Project object */ = {
			isa = PBXProject;
			attributes = {
				BuildIndependentTargetsInParallel = 1;
				LastSwiftUpdateCheck = 1330;
				LastUpgradeCheck = 1330;
				TargetAttributes = {
					6566CB1E2845DDC700947891 = {
						CreatedOnToolsVersion = 13.3.1;
					};
				};
			};
			buildConfigurationList = 6566CB1A2845DDC700947891 /* Build configuration list for PBXProject "RXSwift_4_hours" */;
			compatibilityVersion = "Xcode 13.0";
			developmentRegion = en;
			hasScannedForEncodings = 0;
			knownRegions = (
				en,
				Base,
			);
			mainGroup = 6566CB162845DDC700947891;
			productRefGroup = 6566CB202845DDC700947891 /* Products */;
			projectDirPath = "";
			projectRoot = "";
			targets = (
				6566CB1E2845DDC700947891 /* RXSwift_4_hours */,
			);
		};
/* End PBXProject section */

/* Begin PBXResourcesBuildPhase section */
		6566CB1D2845DDC700947891 /* Resources */ = {
			isa = PBXResourcesBuildPhase;
			buildActionMask = 2147483647;
			files = (
				6566CB2F2845DDC800947891 /* LaunchScreen.storyboard in Resources */,
				6566CB2C2845DDC800947891 /* Assets.xcassets in Resources */,
				6566CB2A2845DDC700947891 /* Main.storyboard in Resources */,
			);
			runOnlyForDeploymentPostprocessing = 0;
		};
/* End PBXResourcesBuildPhase section */

/* Begin PBXShellScriptBuildPhase section */
		1E23D11F9C29F19291E499D1 /* [CP] Check Pods Manifest.lock */ = {
			isa = PBXShellScriptBuildPhase;
			buildActionMask = 2147483647;
			files = (
			);
			inputFileListPaths = (
			);
			inputPaths = (
				"${PODS_PODFILE_DIR_PATH}/Podfile.lock",
				"${PODS_ROOT}/Manifest.lock",
			);
			name = "[CP] Check Pods Manifest.lock";
			outputFileListPaths = (
			);
			outputPaths = (
				"$(DERIVED_FILE_DIR)/Pods-RXSwift_4_hours-checkManifestLockResult.txt",
			);
			runOnlyForDeploymentPostprocessing = 0;
			shellPath = /bin/sh;
			shellScript = "diff \"${PODS_PODFILE_DIR_PATH}/Podfile.lock\" \"${PODS_ROOT}/Manifest.lock\" > /dev/null\nif [ $? != 0 ] ; then\n    # print error to STDERR\n    echo \"error: The sandbox is not in sync with the Podfile.lock. Run 'pod install' or update your CocoaPods installation.\" >&2\n    exit 1\nfi\n# This output is used by Xcode 'outputs' to avoid re-running this script phase.\necho \"SUCCESS\" > \"${SCRIPT_OUTPUT_FILE_0}\"\n";
			showEnvVarsInLog = 0;
		};
		F15F714A716B862A6D50BFDB /* [CP] Embed Pods Frameworks */ = {
			isa = PBXShellScriptBuildPhase;
			buildActionMask = 2147483647;
			files = (
			);
			inputFileListPaths = (
				"${PODS_ROOT}/Target Support Files/Pods-RXSwift_4_hours/Pods-RXSwift_4_hours-frameworks-${CONFIGURATION}-input-files.xcfilelist",
			);
			name = "[CP] Embed Pods Frameworks";
			outputFileListPaths = (
				"${PODS_ROOT}/Target Support Files/Pods-RXSwift_4_hours/Pods-RXSwift_4_hours-frameworks-${CONFIGURATION}-output-files.xcfilelist",
			);
			runOnlyForDeploymentPostprocessing = 0;
			shellPath = /bin/sh;
			shellScript = "\"${PODS_ROOT}/Target Support Files/Pods-RXSwift_4_hours/Pods-RXSwift_4_hours-frameworks.sh\"\n";
			showEnvVarsInLog = 0;
		};
/* End PBXShellScriptBuildPhase section */

/* Begin PBXSourcesBuildPhase section */
		6566CB1B2845DDC700947891 /* Sources */ = {
			isa = PBXSourcesBuildPhase;
			buildActionMask = 2147483647;
			files = (
				6566CB272845DDC700947891 /* ViewController.swift in Sources */,
				6566CB232845DDC700947891 /* AppDelegate.swift in Sources */,
				6566CB252845DDC700947891 /* SceneDelegate.swift in Sources */,
			);
			runOnlyForDeploymentPostprocessing = 0;
		};
/* End PBXSourcesBuildPhase section */

/* Begin PBXVariantGroup section */
		6566CB282845DDC700947891 /* Main.storyboard */ = {
			isa = PBXVariantGroup;
			children = (
				6566CB292845DDC700947891 /* Base */,
			);
			name = Main.storyboard;
			sourceTree = "<group>";
		};
		6566CB2D2845DDC800947891 /* LaunchScreen.storyboard */ = {
			isa = PBXVariantGroup;
			children = (
				6566CB2E2845DDC800947891 /* Base */,
			);
			name = LaunchScreen.storyboard;
			sourceTree = "<group>";
		};
/* End PBXVariantGroup section */

/* Begin XCBuildConfiguration section */
		6566CB312845DDC800947891 /* Debug */ = {
			isa = XCBuildConfiguration;
			buildSettings = {
				ALWAYS_SEARCH_USER_PATHS = NO;
				CLANG_ANALYZER_NONNULL = YES;
				CLANG_ANALYZER_NUMBER_OBJECT_CONVERSION = YES_AGGRESSIVE;
				CLANG_CXX_LANGUAGE_STANDARD = "gnu++17";
				CLANG_ENABLE_MODULES = YES;
				CLANG_ENABLE_OBJC_ARC = YES;
				CLANG_ENABLE_OBJC_WEAK = YES;
				CLANG_WARN_BLOCK_CAPTURE_AUTORELEASING = YES;
				CLANG_WARN_BOOL_CONVERSION = YES;
				CLANG_WARN_COMMA = YES;
				CLANG_WARN_CONSTANT_CONVERSION = YES;
				CLANG_WARN_DEPRECATED_OBJC_IMPLEMENTATIONS = YES;
				CLANG_WARN_DIRECT_OBJC_ISA_USAGE = YES_ERROR;
				CLANG_WARN_DOCUMENTATION_COMMENTS = YES;
				CLANG_WARN_EMPTY_BODY = YES;
				CLANG_WARN_ENUM_CONVERSION = YES;
				CLANG_WARN_INFINITE_RECURSION = YES;
				CLANG_WARN_INT_CONVERSION = YES;
				CLANG_WARN_NON_LITERAL_NULL_CONVERSION = YES;
				CLANG_WARN_OBJC_IMPLICIT_RETAIN_SELF = YES;
				CLANG_WARN_OBJC_LITERAL_CONVERSION = YES;
				CLANG_WARN_OBJC_ROOT_CLASS = YES_ERROR;
				CLANG_WARN_QUOTED_INCLUDE_IN_FRAMEWORK_HEADER = YES;
				CLANG_WARN_RANGE_LOOP_ANALYSIS = YES;
				CLANG_WARN_STRICT_PROTOTYPES = YES;
				CLANG_WARN_SUSPICIOUS_MOVE = YES;
				CLANG_WARN_UNGUARDED_AVAILABILITY = YES_AGGRESSIVE;
				CLANG_WARN_UNREACHABLE_CODE = YES;
				CLANG_WARN__DUPLICATE_METHOD_MATCH = YES;
				COPY_PHASE_STRIP = NO;
				DEBUG_INFORMATION_FORMAT = dwarf;
				ENABLE_STRICT_OBJC_MSGSEND = YES;
				ENABLE_TESTABILITY = YES;
				GCC_C_LANGUAGE_STANDARD = gnu11;
				GCC_DYNAMIC_NO_PIC = NO;
				GCC_NO_COMMON_BLOCKS = YES;
				GCC_OPTIMIZATION_LEVEL = 0;
				GCC_PREPROCESSOR_DEFINITIONS = (
					"DEBUG=1",
					"$(inherited)",
				);
				GCC_WARN_64_TO_32_BIT_CONVERSION = YES;
				GCC_WARN_ABOUT_RETURN_TYPE = YES_ERROR;
				GCC_WARN_UNDECLARED_SELECTOR = YES;
				GCC_WARN_UNINITIALIZED_AUTOS = YES_AGGRESSIVE;
				GCC_WARN_UNUSED_FUNCTION = YES;
				GCC_WARN_UNUSED_VARIABLE = YES;
				IPHONEOS_DEPLOYMENT_TARGET = 15.4;
				MTL_ENABLE_DEBUG_INFO = INCLUDE_SOURCE;
				MTL_FAST_MATH = YES;
				ONLY_ACTIVE_ARCH = YES;
				SDKROOT = iphoneos;
				SWIFT_ACTIVE_COMPILATION_CONDITIONS = DEBUG;
				SWIFT_OPTIMIZATION_LEVEL = "-Onone";
			};
			name = Debug;
		};
		6566CB322845DDC800947891 /* Release */ = {
			isa = XCBuildConfiguration;
			buildSettings = {
				ALWAYS_SEARCH_USER_PATHS = NO;
				CLANG_ANALYZER_NONNULL = YES;
				CLANG_ANALYZER_NUMBER_OBJECT_CONVERSION = YES_AGGRESSIVE;
				CLANG_CXX_LANGUAGE_STANDARD = "gnu++17";
				CLANG_ENABLE_MODULES = YES;
				CLANG_ENABLE_OBJC_ARC = YES;
				CLANG_ENABLE_OBJC_WEAK = YES;
				CLANG_WARN_BLOCK_CAPTURE_AUTORELEASING = YES;
				CLANG_WARN_BOOL_CONVERSION = YES;
				CLANG_WARN_COMMA = YES;
				CLANG_WARN_CONSTANT_CONVERSION = YES;
				CLANG_WARN_DEPRECATED_OBJC_IMPLEMENTATIONS = YES;
				CLANG_WARN_DIRECT_OBJC_ISA_USAGE = YES_ERROR;
				CLANG_WARN_DOCUMENTATION_COMMENTS = YES;
				CLANG_WARN_EMPTY_BODY = YES;
				CLANG_WARN_ENUM_CONVERSION = YES;
				CLANG_WARN_INFINITE_RECURSION = YES;
				CLANG_WARN_INT_CONVERSION = YES;
				CLANG_WARN_NON_LITERAL_NULL_CONVERSION = YES;
				CLANG_WARN_OBJC_IMPLICIT_RETAIN_SELF = YES;
				CLANG_WARN_OBJC_LITERAL_CONVERSION = YES;
				CLANG_WARN_OBJC_ROOT_CLASS = YES_ERROR;
				CLANG_WARN_QUOTED_INCLUDE_IN_FRAMEWORK_HEADER = YES;
				CLANG_WARN_RANGE_LOOP_ANALYSIS = YES;
				CLANG_WARN_STRICT_PROTOTYPES = YES;
				CLANG_WARN_SUSPICIOUS_MOVE = YES;
				CLANG_WARN_UNGUARDED_AVAILABILITY = YES_AGGRESSIVE;
				CLANG_WARN_UNREACHABLE_CODE = YES;
				CLANG_WARN__DUPLICATE_METHOD_MATCH = YES;
				COPY_PHASE_STRIP = NO;
				DEBUG_INFORMATION_FORMAT = "dwarf-with-dsym";
				ENABLE_NS_ASSERTIONS = NO;
				ENABLE_STRICT_OBJC_MSGSEND = YES;
				GCC_C_LANGUAGE_STANDARD = gnu11;
				GCC_NO_COMMON_BLOCKS = YES;
				GCC_WARN_64_TO_32_BIT_CONVERSION = YES;
				GCC_WARN_ABOUT_RETURN_TYPE = YES_ERROR;
				GCC_WARN_UNDECLARED_SELECTOR = YES;
				GCC_WARN_UNINITIALIZED_AUTOS = YES_AGGRESSIVE;
				GCC_WARN_UNUSED_FUNCTION = YES;
				GCC_WARN_UNUSED_VARIABLE = YES;
				IPHONEOS_DEPLOYMENT_TARGET = 15.4;
				MTL_ENABLE_DEBUG_INFO = NO;
				MTL_FAST_MATH = YES;
				SDKROOT = iphoneos;
				SWIFT_COMPILATION_MODE = wholemodule;
				SWIFT_OPTIMIZATION_LEVEL = "-O";
				VALIDATE_PRODUCT = YES;
			};
			name = Release;
		};
		6566CB342845DDC800947891 /* Debug */ = {
			isa = XCBuildConfiguration;
			baseConfigurationReference = 871F65FDBD0FCA7B8B3F3F22 /* Pods-RXSwift_4_hours.debug.xcconfig */;
			buildSettings = {
				ASSETCATALOG_COMPILER_APPICON_NAME = AppIcon;
				ASSETCATALOG_COMPILER_GLOBAL_ACCENT_COLOR_NAME = AccentColor;
				CODE_SIGN_STYLE = Automatic;
				CURRENT_PROJECT_VERSION = 1;
				DEVELOPMENT_TEAM = W4HDX5XCG8;
				GENERATE_INFOPLIST_FILE = YES;
				INFOPLIST_FILE = RXSwift_4_hours/Info.plist;
				INFOPLIST_KEY_UIApplicationSupportsIndirectInputEvents = YES;
				INFOPLIST_KEY_UILaunchStoryboardName = LaunchScreen;
				INFOPLIST_KEY_UIMainStoryboardFile = Main;
				INFOPLIST_KEY_UISupportedInterfaceOrientations_iPad = "UIInterfaceOrientationPortrait UIInterfaceOrientationPortraitUpsideDown UIInterfaceOrientationLandscapeLeft UIInterfaceOrientationLandscapeRight";
				INFOPLIST_KEY_UISupportedInterfaceOrientations_iPhone = "UIInterfaceOrientationPortrait UIInterfaceOrientationLandscapeLeft UIInterfaceOrientationLandscapeRight";
				LD_RUNPATH_SEARCH_PATHS = (
					"$(inherited)",
					"@executable_path/Frameworks",
				);
				MARKETING_VERSION = 1.0;
				PRODUCT_BUNDLE_IDENTIFIER = "com.sangwon.RXSwift-4-hours";
				PRODUCT_NAME = "$(TARGET_NAME)";
				SWIFT_EMIT_LOC_STRINGS = YES;
				SWIFT_VERSION = 5.0;
				TARGETED_DEVICE_FAMILY = "1,2";
			};
			name = Debug;
		};
		6566CB352845DDC800947891 /* Release */ = {
			isa = XCBuildConfiguration;
			baseConfigurationReference = E80B29E9550D6B67EDCFD91A /* Pods-RXSwift_4_hours.release.xcconfig */;
			buildSettings = {
				ASSETCATALOG_COMPILER_APPICON_NAME = AppIcon;
				ASSETCATALOG_COMPILER_GLOBAL_ACCENT_COLOR_NAME = AccentColor;
				CODE_SIGN_STYLE = Automatic;
				CURRENT_PROJECT_VERSION = 1;
				DEVELOPMENT_TEAM = W4HDX5XCG8;
				GENERATE_INFOPLIST_FILE = YES;
				INFOPLIST_FILE = RXSwift_4_hours/Info.plist;
				INFOPLIST_KEY_UIApplicationSupportsIndirectInputEvents = YES;
				INFOPLIST_KEY_UILaunchStoryboardName = LaunchScreen;
				INFOPLIST_KEY_UIMainStoryboardFile = Main;
				INFOPLIST_KEY_UISupportedInterfaceOrientations_iPad = "UIInterfaceOrientationPortrait UIInterfaceOrientationPortraitUpsideDown UIInterfaceOrientationLandscapeLeft UIInterfaceOrientationLandscapeRight";
				INFOPLIST_KEY_UISupportedInterfaceOrientations_iPhone = "UIInterfaceOrientationPortrait UIInterfaceOrientationLandscapeLeft UIInterfaceOrientationLandscapeRight";
				LD_RUNPATH_SEARCH_PATHS = (
					"$(inherited)",
					"@executable_path/Frameworks",
				);
				MARKETING_VERSION = 1.0;
				PRODUCT_BUNDLE_IDENTIFIER = "com.sangwon.RXSwift-4-hours";
				PRODUCT_NAME = "$(TARGET_NAME)";
				SWIFT_EMIT_LOC_STRINGS = YES;
				SWIFT_VERSION = 5.0;
				TARGETED_DEVICE_FAMILY = "1,2";
			};
			name = Release;
		};
/* End XCBuildConfiguration section */

/* Begin XCConfigurationList section */
		6566CB1A2845DDC700947891 /* Build configuration list for PBXProject "RXSwift_4_hours" */ = {
			isa = XCConfigurationList;
			buildConfigurations = (
				6566CB312845DDC800947891 /* Debug */,
				6566CB322845DDC800947891 /* Release */,
			);
			defaultConfigurationIsVisible = 0;
			defaultConfigurationName = Release;
		};
		6566CB332845DDC800947891 /* Build configuration list for PBXNativeTarget "RXSwift_4_hours" */ = {
			isa = XCConfigurationList;
			buildConfigurations = (
				6566CB342845DDC800947891 /* Debug */,
				6566CB352845DDC800947891 /* Release */,
			);
			defaultConfigurationIsVisible = 0;
			defaultConfigurationName = Release;
		};
/* End XCConfigurationList section */
	};
	rootObject = 6566CB172845DDC700947891 /* Project object */;
}
